
Microsoft Visual Studio Solution File, Format Version 11.00
# Visual Studio 2010
Project("{FAE04EC0-301F-11D3-BF4B-00C04F79EFBC}") = "OnTheWheels3D", "Assembly-CSharp.csproj", "{EE3994A9-7BB9-B95C-F399-794E2E23CB73}"
EndProject
Project("{FAE04EC0-301F-11D3-BF4B-00C04F79EFBC}") = "OnTheWheels3D", "Assembly-CSharp-Editor.csproj", "{4583C0F3-4780-18C5-E5F4-1B50E4198269}"
EndProject
Global
	GlobalSection(SolutionConfigurationPlatforms) = preSolution
		Debug|Any CPU = Debug|Any CPU
		Release|Any CPU = Release|Any CPU
	EndGlobalSection
	GlobalSection(ProjectConfigurationPlatforms) = postSolution
		{EE3994A9-7BB9-B95C-F399-794E2E23CB73}.Debug|Any CPU.ActiveCfg = Debug|Any CPU
		{EE3994A9-7BB9-B95C-F399-794E2E23CB73}.Debug|Any CPU.Build.0 = Debug|Any CPU
		{EE3994A9-7BB9-B95C-F399-794E2E23CB73}.Release|Any CPU.ActiveCfg = Release|Any CPU
		{EE3994A9-7BB9-B95C-F399-794E2E23CB73}.Release|Any CPU.Build.0 = Release|Any CPU
		{4583C0F3-4780-18C5-E5F4-1B50E4198269}.Debug|Any CPU.ActiveCfg = Debug|Any CPU
		{4583C0F3-4780-18C5-E5F4-1B50E4198269}.Debug|Any CPU.Build.0 = Debug|Any CPU
		{4583C0F3-4780-18C5-E5F4-1B50E4198269}.Release|Any CPU.ActiveCfg = Release|Any CPU
		{4583C0F3-4780-18C5-E5F4-1B50E4198269}.Release|Any CPU.Build.0 = Release|Any CPU
	EndGlobalSection
	GlobalSection(SolutionProperties) = preSolution
		HideSolutionNode = FALSE
	EndGlobalSection
	GlobalSection(MonoDevelopProperties) = preSolution
		StartupItem = Assembly-CSharp.csproj
	EndGlobalSection
EndGlobal
